
Microsoft Visual Studio Solution File, Format Version 12.00
# Visual Studio Version 16
VisualStudioVersion = 16.0.29403.142
MinimumVisualStudioVersion = 10.0.40219.1
Project("{FAE04EC0-301F-11D3-BF4B-00C04F79EFBC}") = "YoutubeUploader", "YoutubeUploader\YoutubeUploader.csproj", "{CE489526-74F3-4735-9853-5891768D8A60}"
EndProject
Global
	GlobalSection(SolutionConfigurationPlatforms) = preSolution
		Debug|Any CPU = Debug|Any CPU
		Release|Any CPU = Release|Any CPU
	EndGlobalSection
	GlobalSection(ProjectConfigurationPlatforms) = postSolution
		{CE489526-74F3-4735-9853-5891768D8A60}.Debug|Any CPU.ActiveCfg = Debug|Any CPU
		{CE489526-74F3-4735-9853-5891768D8A60}.Debug|Any CPU.Build.0 = Debug|Any CPU
		{CE489526-74F3-4735-9853-5891768D8A60}.Release|Any CPU.ActiveCfg = Release|Any CPU
		{CE489526-74F3-4735-9853-5891768D8A60}.Release|Any CPU.Build.0 = Release|Any CPU
	EndGlobalSection
	GlobalSection(SolutionProperties) = preSolution
		HideSolutionNode = FALSE
	EndGlobalSection
	GlobalSection(ExtensibilityGlobals) = postSolution
		SolutionGuid = {8E06A29E-F599-4A2E-94F2-3472912F95D5}
	EndGlobalSection
EndGlobal
